
Microsoft Visual Studio Solution File, Format Version 12.00
# Visual Studio 14
VisualStudioVersion = 14.0.25420.1
MinimumVisualStudioVersion = 10.0.40219.1
Project("{2150E333-8FDC-42A3-9474-1A3956D46DE8}") = "src", "src", "{51BB0D55-DE86-42BD-B0F2-BF65053A8C05}"
EndProject
Project("{2150E333-8FDC-42A3-9474-1A3956D46DE8}") = "Solution Items", "Solution Items", "{FF62FBD3-8665-4163-82FC-C95B2AF6DD68}"
	ProjectSection(SolutionItems) = preProject
		global.json = global.json
	EndProjectSection
EndProject
Project("{8BB2217D-0F2D-49D1-97BC-3654ED321F3B}") = "GravatarHelper.NetStandard", "src\GravatarHelper.NetStandard\GravatarHelper.NetStandard.xproj", "{2320FE5D-B009-4969-A7E1-56E575D5491D}"
EndProject
Project("{2150E333-8FDC-42A3-9474-1A3956D46DE8}") = "test", "test", "{B8C83836-05B0-47DC-A033-0C57EA0F16EC}"
EndProject
Project("{2150E333-8FDC-42A3-9474-1A3956D46DE8}") = "samples", "samples", "{9F51DC60-DC68-4BB1-B41C-65CF85BC22E9}"
EndProject
Project("{2150E333-8FDC-42A3-9474-1A3956D46DE8}") = "AspnetCoreApp", "AspnetCoreApp", "{14ED0261-D03D-4463-98DC-2EB091CEE4DF}"
EndProject
Project("{8BB2217D-0F2D-49D1-97BC-3654ED321F3B}") = "GravatarHelper.NetStandard.AspNetCore", "samples\AspNetCoreApp\GravatarHelper.NetStandard.AspNetCore\GravatarHelper.NetStandard.AspNetCore.xproj", "{0E98F0DA-E3DB-473D-9E49-73CC40153E7E}"
EndProject
Project("{8BB2217D-0F2D-49D1-97BC-3654ED321F3B}") = "GravatarHelper.NetStandard.Tests", "test\GravatarHelper.NetStandard.Tests\GravatarHelper.NetStandard.Tests.xproj", "{7A542659-2330-40B7-B3C0-40696D9C0530}"
EndProject
Project("{2150E333-8FDC-42A3-9474-1A3956D46DE8}") = "XamarinAndroid", "XamarinAndroid", "{4273F19B-4EAC-4EDF-9236-8649845E7D9D}"
EndProject
Project("{FAE04EC0-301F-11D3-BF4B-00C04F79EFBC}") = "GravatarHelper.NetStandard.Droid", "samples\XamarinAndroid\GravatarHelper.NetStandard.Droid\GravatarHelper.NetStandard.Droid.csproj", "{E033292C-1101-44F4-867D-083EF8DB215F}"
EndProject
Project("{2150E333-8FDC-42A3-9474-1A3956D46DE8}") = "WinForms", "WinForms", "{9334F60A-F567-4046-A0E7-DC28CC336CCD}"
EndProject
Project("{FAE04EC0-301F-11D3-BF4B-00C04F79EFBC}") = "GravatarHelper.NetStandard.WinForm", "samples\WinForms\GravatarHelper.NetStandard.WinForm\GravatarHelper.NetStandard.WinForm.csproj", "{3A6D3F53-03E3-46F4-A8C5-4E2EBE9C160D}"
EndProject
Project("{2150E333-8FDC-42A3-9474-1A3956D46DE8}") = "AspNetMvc", "AspNetMvc", "{8E48B440-3187-4F55-856F-3CF6D1174886}"
EndProject
Project("{FAE04EC0-301F-11D3-BF4B-00C04F79EFBC}") = "GravatarHelper.NetStandard.Mvc", "samples\AspNetMvc\GravatarHelper.NetStandard.Mvc\GravatarHelper.NetStandard.Mvc.csproj", "{08FFC704-E809-422D-90FC-4D41FDAD7F1F}"
EndProject
Project("{2150E333-8FDC-42A3-9474-1A3956D46DE8}") = "UWP", "UWP", "{CFB46DB4-DAC8-4299-A303-BB1DC3891999}"
EndProject
Project("{FAE04EC0-301F-11D3-BF4B-00C04F79EFBC}") = "GravatarHelper.NetStandard.Uwp", "samples\UWP\GravatarHelper.NetStandard.Uwp\GravatarHelper.NetStandard.Uwp.csproj", "{AD35A6D8-103A-4F3D-873C-1CE2C75254FB}"
EndProject
Global
	GlobalSection(SolutionConfigurationPlatforms) = preSolution
		Ad-Hoc|Any CPU = Ad-Hoc|Any CPU
		Ad-Hoc|ARM = Ad-Hoc|ARM
		Ad-Hoc|iPhone = Ad-Hoc|iPhone
		Ad-Hoc|iPhoneSimulator = Ad-Hoc|iPhoneSimulator
		Ad-Hoc|x64 = Ad-Hoc|x64
		Ad-Hoc|x86 = Ad-Hoc|x86
		AppStore|Any CPU = AppStore|Any CPU
		AppStore|ARM = AppStore|ARM
		AppStore|iPhone = AppStore|iPhone
		AppStore|iPhoneSimulator = AppStore|iPhoneSimulator
		AppStore|x64 = AppStore|x64
		AppStore|x86 = AppStore|x86
		Debug|Any CPU = Debug|Any CPU
		Debug|ARM = Debug|ARM
		Debug|iPhone = Debug|iPhone
		Debug|iPhoneSimulator = Debug|iPhoneSimulator
		Debug|x64 = Debug|x64
		Debug|x86 = Debug|x86
		Release|Any CPU = Release|Any CPU
		Release|ARM = Release|ARM
		Release|iPhone = Release|iPhone
		Release|iPhoneSimulator = Release|iPhoneSimulator
		Release|x64 = Release|x64
		Release|x86 = Release|x86
	EndGlobalSection
	GlobalSection(ProjectConfigurationPlatforms) = postSolution
		{2320FE5D-B009-4969-A7E1-56E575D5491D}.Ad-Hoc|Any CPU.ActiveCfg = Release|Any CPU
		{2320FE5D-B009-4969-A7E1-56E575D5491D}.Ad-Hoc|Any CPU.Build.0 = Release|Any CPU
		{2320FE5D-B009-4969-A7E1-56E575D5491D}.Ad-Hoc|ARM.ActiveCfg = Release|Any CPU
		{2320FE5D-B009-4969-A7E1-56E575D5491D}.Ad-Hoc|ARM.Build.0 = Release|Any CPU
		{2320FE5D-B009-4969-A7E1-56E575D5491D}.Ad-Hoc|iPhone.ActiveCfg = Release|Any CPU
		{2320FE5D-B009-4969-A7E1-56E575D5491D}.Ad-Hoc|iPhone.Build.0 = Release|Any CPU
		{2320FE5D-B009-4969-A7E1-56E575D5491D}.Ad-Hoc|iPhoneSimulator.ActiveCfg = Release|Any CPU
		{2320FE5D-B009-4969-A7E1-56E575D5491D}.Ad-Hoc|iPhoneSimulator.Build.0 = Release|Any CPU
		{2320FE5D-B009-4969-A7E1-56E575D5491D}.Ad-Hoc|x64.ActiveCfg = Release|Any CPU
		{2320FE5D-B009-4969-A7E1-56E575D5491D}.Ad-Hoc|x64.Build.0 = Release|Any CPU
		{2320FE5D-B009-4969-A7E1-56E575D5491D}.Ad-Hoc|x86.ActiveCfg = Release|Any CPU
		{2320FE5D-B009-4969-A7E1-56E575D5491D}.Ad-Hoc|x86.Build.0 = Release|Any CPU
		{2320FE5D-B009-4969-A7E1-56E575D5491D}.AppStore|Any CPU.ActiveCfg = Release|Any CPU
		{2320FE5D-B009-4969-A7E1-56E575D5491D}.AppStore|Any CPU.Build.0 = Release|Any CPU
		{2320FE5D-B009-4969-A7E1-56E575D5491D}.AppStore|ARM.ActiveCfg = Release|Any CPU
		{2320FE5D-B009-4969-A7E1-56E575D5491D}.AppStore|ARM.Build.0 = Release|Any CPU
		{2320FE5D-B009-4969-A7E1-56E575D5491D}.AppStore|iPhone.ActiveCfg = Release|Any CPU
		{2320FE5D-B009-4969-A7E1-56E575D5491D}.AppStore|iPhone.Build.0 = Release|Any CPU
		{2320FE5D-B009-4969-A7E1-56E575D5491D}.AppStore|iPhoneSimulator.ActiveCfg = Release|Any CPU
		{2320FE5D-B009-4969-A7E1-56E575D5491D}.AppStore|iPhoneSimulator.Build.0 = Release|Any CPU
		{2320FE5D-B009-4969-A7E1-56E575D5491D}.AppStore|x64.ActiveCfg = Release|Any CPU
		{2320FE5D-B009-4969-A7E1-56E575D5491D}.AppStore|x64.Build.0 = Release|Any CPU
		{2320FE5D-B009-4969-A7E1-56E575D5491D}.AppStore|x86.ActiveCfg = Release|Any CPU
		{2320FE5D-B009-4969-A7E1-56E575D5491D}.AppStore|x86.Build.0 = Release|Any CPU
		{2320FE5D-B009-4969-A7E1-56E575D5491D}.Debug|Any CPU.ActiveCfg = Debug|Any CPU
		{2320FE5D-B009-4969-A7E1-56E575D5491D}.Debug|Any CPU.Build.0 = Debug|Any CPU
		{2320FE5D-B009-4969-A7E1-56E575D5491D}.Debug|ARM.ActiveCfg = Debug|Any CPU
		{2320FE5D-B009-4969-A7E1-56E575D5491D}.Debug|ARM.Build.0 = Debug|Any CPU
		{2320FE5D-B009-4969-A7E1-56E575D5491D}.Debug|iPhone.ActiveCfg = Debug|Any CPU
		{2320FE5D-B009-4969-A7E1-56E575D5491D}.Debug|iPhone.Build.0 = Debug|Any CPU
		{2320FE5D-B009-4969-A7E1-56E575D5491D}.Debug|iPhoneSimulator.ActiveCfg = Debug|Any CPU
		{2320FE5D-B009-4969-A7E1-56E575D5491D}.Debug|iPhoneSimulator.Build.0 = Debug|Any CPU
		{2320FE5D-B009-4969-A7E1-56E575D5491D}.Debug|x64.ActiveCfg = Debug|Any CPU
		{2320FE5D-B009-4969-A7E1-56E575D5491D}.Debug|x64.Build.0 = Debug|Any CPU
		{2320FE5D-B009-4969-A7E1-56E575D5491D}.Debug|x86.ActiveCfg = Debug|Any CPU
		{2320FE5D-B009-4969-A7E1-56E575D5491D}.Debug|x86.Build.0 = Debug|Any CPU
		{2320FE5D-B009-4969-A7E1-56E575D5491D}.Release|Any CPU.ActiveCfg = Release|Any CPU
		{2320FE5D-B009-4969-A7E1-56E575D5491D}.Release|Any CPU.Build.0 = Release|Any CPU
		{2320FE5D-B009-4969-A7E1-56E575D5491D}.Release|ARM.ActiveCfg = Release|Any CPU
		{2320FE5D-B009-4969-A7E1-56E575D5491D}.Release|ARM.Build.0 = Release|Any CPU
		{2320FE5D-B009-4969-A7E1-56E575D5491D}.Release|iPhone.ActiveCfg = Release|Any CPU
		{2320FE5D-B009-4969-A7E1-56E575D5491D}.Release|iPhone.Build.0 = Release|Any CPU
		{2320FE5D-B009-4969-A7E1-56E575D5491D}.Release|iPhoneSimulator.ActiveCfg = Release|Any CPU
		{2320FE5D-B009-4969-A7E1-56E575D5491D}.Release|iPhoneSimulator.Build.0 = Release|Any CPU
		{2320FE5D-B009-4969-A7E1-56E575D5491D}.Release|x64.ActiveCfg = Release|Any CPU
		{2320FE5D-B009-4969-A7E1-56E575D5491D}.Release|x64.Build.0 = Release|Any CPU
		{2320FE5D-B009-4969-A7E1-56E575D5491D}.Release|x86.ActiveCfg = Release|Any CPU
		{2320FE5D-B009-4969-A7E1-56E575D5491D}.Release|x86.Build.0 = Release|Any CPU
		{0E98F0DA-E3DB-473D-9E49-73CC40153E7E}.Ad-Hoc|Any CPU.ActiveCfg = Release|Any CPU
		{0E98F0DA-E3DB-473D-9E49-73CC40153E7E}.Ad-Hoc|Any CPU.Build.0 = Release|Any CPU
		{0E98F0DA-E3DB-473D-9E49-73CC40153E7E}.Ad-Hoc|ARM.ActiveCfg = Release|Any CPU
		{0E98F0DA-E3DB-473D-9E49-73CC40153E7E}.Ad-Hoc|ARM.Build.0 = Release|Any CPU
		{0E98F0DA-E3DB-473D-9E49-73CC40153E7E}.Ad-Hoc|iPhone.ActiveCfg = Release|Any CPU
		{0E98F0DA-E3DB-473D-9E49-73CC40153E7E}.Ad-Hoc|iPhone.Build.0 = Release|Any CPU
		{0E98F0DA-E3DB-473D-9E49-73CC40153E7E}.Ad-Hoc|iPhoneSimulator.ActiveCfg = Release|Any CPU
		{0E98F0DA-E3DB-473D-9E49-73CC40153E7E}.Ad-Hoc|iPhoneSimulator.Build.0 = Release|Any CPU
		{0E98F0DA-E3DB-473D-9E49-73CC40153E7E}.Ad-Hoc|x64.ActiveCfg = Release|Any CPU
		{0E98F0DA-E3DB-473D-9E49-73CC40153E7E}.Ad-Hoc|x64.Build.0 = Release|Any CPU
		{0E98F0DA-E3DB-473D-9E49-73CC40153E7E}.Ad-Hoc|x86.ActiveCfg = Release|Any CPU
		{0E98F0DA-E3DB-473D-9E49-73CC40153E7E}.Ad-Hoc|x86.Build.0 = Release|Any CPU
		{0E98F0DA-E3DB-473D-9E49-73CC40153E7E}.AppStore|Any CPU.ActiveCfg = Release|Any CPU
		{0E98F0DA-E3DB-473D-9E49-73CC40153E7E}.AppStore|Any CPU.Build.0 = Release|Any CPU
		{0E98F0DA-E3DB-473D-9E49-73CC40153E7E}.AppStore|ARM.ActiveCfg = Release|Any CPU
		{0E98F0DA-E3DB-473D-9E49-73CC40153E7E}.AppStore|ARM.Build.0 = Release|Any CPU
		{0E98F0DA-E3DB-473D-9E49-73CC40153E7E}.AppStore|iPhone.ActiveCfg = Release|Any CPU
		{0E98F0DA-E3DB-473D-9E49-73CC40153E7E}.AppStore|iPhone.Build.0 = Release|Any CPU
		{0E98F0DA-E3DB-473D-9E49-73CC40153E7E}.AppStore|iPhoneSimulator.ActiveCfg = Release|Any CPU
		{0E98F0DA-E3DB-473D-9E49-73CC40153E7E}.AppStore|iPhoneSimulator.Build.0 = Release|Any CPU
		{0E98F0DA-E3DB-473D-9E49-73CC40153E7E}.AppStore|x64.ActiveCfg = Release|Any CPU
		{0E98F0DA-E3DB-473D-9E49-73CC40153E7E}.AppStore|x64.Build.0 = Release|Any CPU
		{0E98F0DA-E3DB-473D-9E49-73CC40153E7E}.AppStore|x86.ActiveCfg = Release|Any CPU
		{0E98F0DA-E3DB-473D-9E49-73CC40153E7E}.AppStore|x86.Build.0 = Release|Any CPU
		{0E98F0DA-E3DB-473D-9E49-73CC40153E7E}.Debug|Any CPU.ActiveCfg = Debug|Any CPU
		{0E98F0DA-E3DB-473D-9E49-73CC40153E7E}.Debug|Any CPU.Build.0 = Debug|Any CPU
		{0E98F0DA-E3DB-473D-9E49-73CC40153E7E}.Debug|ARM.ActiveCfg = Debug|Any CPU
		{0E98F0DA-E3DB-473D-9E49-73CC40153E7E}.Debug|ARM.Build.0 = Debug|Any CPU
		{0E98F0DA-E3DB-473D-9E49-73CC40153E7E}.Debug|iPhone.ActiveCfg = Debug|Any CPU
		{0E98F0DA-E3DB-473D-9E49-73CC40153E7E}.Debug|iPhone.Build.0 = Debug|Any CPU
		{0E98F0DA-E3DB-473D-9E49-73CC40153E7E}.Debug|iPhoneSimulator.ActiveCfg = Debug|Any CPU
		{0E98F0DA-E3DB-473D-9E49-73CC40153E7E}.Debug|iPhoneSimulator.Build.0 = Debug|Any CPU
		{0E98F0DA-E3DB-473D-9E49-73CC40153E7E}.Debug|x64.ActiveCfg = Debug|Any CPU
		{0E98F0DA-E3DB-473D-9E49-73CC40153E7E}.Debug|x64.Build.0 = Debug|Any CPU
		{0E98F0DA-E3DB-473D-9E49-73CC40153E7E}.Debug|x86.ActiveCfg = Debug|Any CPU
		{0E98F0DA-E3DB-473D-9E49-73CC40153E7E}.Debug|x86.Build.0 = Debug|Any CPU
		{0E98F0DA-E3DB-473D-9E49-73CC40153E7E}.Release|Any CPU.ActiveCfg = Release|Any CPU
		{0E98F0DA-E3DB-473D-9E49-73CC40153E7E}.Release|Any CPU.Build.0 = Release|Any CPU
		{0E98F0DA-E3DB-473D-9E49-73CC40153E7E}.Release|ARM.ActiveCfg = Release|Any CPU
		{0E98F0DA-E3DB-473D-9E49-73CC40153E7E}.Release|ARM.Build.0 = Release|Any CPU
		{0E98F0DA-E3DB-473D-9E49-73CC40153E7E}.Release|iPhone.ActiveCfg = Release|Any CPU
		{0E98F0DA-E3DB-473D-9E49-73CC40153E7E}.Release|iPhone.Build.0 = Release|Any CPU
		{0E98F0DA-E3DB-473D-9E49-73CC40153E7E}.Release|iPhoneSimulator.ActiveCfg = Release|Any CPU
		{0E98F0DA-E3DB-473D-9E49-73CC40153E7E}.Release|iPhoneSimulator.Build.0 = Release|Any CPU
		{0E98F0DA-E3DB-473D-9E49-73CC40153E7E}.Release|x64.ActiveCfg = Release|Any CPU
		{0E98F0DA-E3DB-473D-9E49-73CC40153E7E}.Release|x64.Build.0 = Release|Any CPU
		{0E98F0DA-E3DB-473D-9E49-73CC40153E7E}.Release|x86.ActiveCfg = Release|Any CPU
		{0E98F0DA-E3DB-473D-9E49-73CC40153E7E}.Release|x86.Build.0 = Release|Any CPU
		{7A542659-2330-40B7-B3C0-40696D9C0530}.Ad-Hoc|Any CPU.ActiveCfg = Release|Any CPU
		{7A542659-2330-40B7-B3C0-40696D9C0530}.Ad-Hoc|Any CPU.Build.0 = Release|Any CPU
		{7A542659-2330-40B7-B3C0-40696D9C0530}.Ad-Hoc|ARM.ActiveCfg = Release|Any CPU
		{7A542659-2330-40B7-B3C0-40696D9C0530}.Ad-Hoc|ARM.Build.0 = Release|Any CPU
		{7A542659-2330-40B7-B3C0-40696D9C0530}.Ad-Hoc|iPhone.ActiveCfg = Release|Any CPU
		{7A542659-2330-40B7-B3C0-40696D9C0530}.Ad-Hoc|iPhone.Build.0 = Release|Any CPU
		{7A542659-2330-40B7-B3C0-40696D9C0530}.Ad-Hoc|iPhoneSimulator.ActiveCfg = Release|Any CPU
		{7A542659-2330-40B7-B3C0-40696D9C0530}.Ad-Hoc|iPhoneSimulator.Build.0 = Release|Any CPU
		{7A542659-2330-40B7-B3C0-40696D9C0530}.Ad-Hoc|x64.ActiveCfg = Release|Any CPU
		{7A542659-2330-40B7-B3C0-40696D9C0530}.Ad-Hoc|x64.Build.0 = Release|Any CPU
		{7A542659-2330-40B7-B3C0-40696D9C0530}.Ad-Hoc|x86.ActiveCfg = Release|Any CPU
		{7A542659-2330-40B7-B3C0-40696D9C0530}.Ad-Hoc|x86.Build.0 = Release|Any CPU
		{7A542659-2330-40B7-B3C0-40696D9C0530}.AppStore|Any CPU.ActiveCfg = Release|Any CPU
		{7A542659-2330-40B7-B3C0-40696D9C0530}.AppStore|Any CPU.Build.0 = Release|Any CPU
		{7A542659-2330-40B7-B3C0-40696D9C0530}.AppStore|ARM.ActiveCfg = Release|Any CPU
		{7A542659-2330-40B7-B3C0-40696D9C0530}.AppStore|ARM.Build.0 = Release|Any CPU
		{7A542659-2330-40B7-B3C0-40696D9C0530}.AppStore|iPhone.ActiveCfg = Release|Any CPU
		{7A542659-2330-40B7-B3C0-40696D9C0530}.AppStore|iPhone.Build.0 = Release|Any CPU
		{7A542659-2330-40B7-B3C0-40696D9C0530}.AppStore|iPhoneSimulator.ActiveCfg = Release|Any CPU
		{7A542659-2330-40B7-B3C0-40696D9C0530}.AppStore|iPhoneSimulator.Build.0 = Release|Any CPU
		{7A542659-2330-40B7-B3C0-40696D9C0530}.AppStore|x64.ActiveCfg = Release|Any CPU
		{7A542659-2330-40B7-B3C0-40696D9C0530}.AppStore|x64.Build.0 = Release|Any CPU
		{7A542659-2330-40B7-B3C0-40696D9C0530}.AppStore|x86.ActiveCfg = Release|Any CPU
		{7A542659-2330-40B7-B3C0-40696D9C0530}.AppStore|x86.Build.0 = Release|Any CPU
		{7A542659-2330-40B7-B3C0-40696D9C0530}.Debug|Any CPU.ActiveCfg = Debug|Any CPU
		{7A542659-2330-40B7-B3C0-40696D9C0530}.Debug|Any CPU.Build.0 = Debug|Any CPU
		{7A542659-2330-40B7-B3C0-40696D9C0530}.Debug|ARM.ActiveCfg = Debug|Any CPU
		{7A542659-2330-40B7-B3C0-40696D9C0530}.Debug|ARM.Build.0 = Debug|Any CPU
		{7A542659-2330-40B7-B3C0-40696D9C0530}.Debug|iPhone.ActiveCfg = Debug|Any CPU
		{7A542659-2330-40B7-B3C0-40696D9C0530}.Debug|iPhone.Build.0 = Debug|Any CPU
		{7A542659-2330-40B7-B3C0-40696D9C0530}.Debug|iPhoneSimulator.ActiveCfg = Debug|Any CPU
		{7A542659-2330-40B7-B3C0-40696D9C0530}.Debug|iPhoneSimulator.Build.0 = Debug|Any CPU
		{7A542659-2330-40B7-B3C0-40696D9C0530}.Debug|x64.ActiveCfg = Debug|Any CPU
		{7A542659-2330-40B7-B3C0-40696D9C0530}.Debug|x64.Build.0 = Debug|Any CPU
		{7A542659-2330-40B7-B3C0-40696D9C0530}.Debug|x86.ActiveCfg = Debug|Any CPU
		{7A542659-2330-40B7-B3C0-40696D9C0530}.Debug|x86.Build.0 = Debug|Any CPU
		{7A542659-2330-40B7-B3C0-40696D9C0530}.Release|Any CPU.ActiveCfg = Release|Any CPU
		{7A542659-2330-40B7-B3C0-40696D9C0530}.Release|Any CPU.Build.0 = Release|Any CPU
		{7A542659-2330-40B7-B3C0-40696D9C0530}.Release|ARM.ActiveCfg = Release|Any CPU
		{7A542659-2330-40B7-B3C0-40696D9C0530}.Release|ARM.Build.0 = Release|Any CPU
		{7A542659-2330-40B7-B3C0-40696D9C0530}.Release|iPhone.ActiveCfg = Release|Any CPU
		{7A542659-2330-40B7-B3C0-40696D9C0530}.Release|iPhone.Build.0 = Release|Any CPU
		{7A542659-2330-40B7-B3C0-40696D9C0530}.Release|iPhoneSimulator.ActiveCfg = Release|Any CPU
		{7A542659-2330-40B7-B3C0-40696D9C0530}.Release|iPhoneSimulator.Build.0 = Release|Any CPU
		{7A542659-2330-40B7-B3C0-40696D9C0530}.Release|x64.ActiveCfg = Release|Any CPU
		{7A542659-2330-40B7-B3C0-40696D9C0530}.Release|x64.Build.0 = Release|Any CPU
		{7A542659-2330-40B7-B3C0-40696D9C0530}.Release|x86.ActiveCfg = Release|Any CPU
		{7A542659-2330-40B7-B3C0-40696D9C0530}.Release|x86.Build.0 = Release|Any CPU
		{E033292C-1101-44F4-867D-083EF8DB215F}.Ad-Hoc|Any CPU.ActiveCfg = Release|Any CPU
		{E033292C-1101-44F4-867D-083EF8DB215F}.Ad-Hoc|Any CPU.Build.0 = Release|Any CPU
		{E033292C-1101-44F4-867D-083EF8DB215F}.Ad-Hoc|Any CPU.Deploy.0 = Release|Any CPU
		{E033292C-1101-44F4-867D-083EF8DB215F}.Ad-Hoc|ARM.ActiveCfg = Release|Any CPU
		{E033292C-1101-44F4-867D-083EF8DB215F}.Ad-Hoc|ARM.Build.0 = Release|Any CPU
		{E033292C-1101-44F4-867D-083EF8DB215F}.Ad-Hoc|ARM.Deploy.0 = Release|Any CPU
		{E033292C-1101-44F4-867D-083EF8DB215F}.Ad-Hoc|iPhone.ActiveCfg = Release|Any CPU
		{E033292C-1101-44F4-867D-083EF8DB215F}.Ad-Hoc|iPhone.Build.0 = Release|Any CPU
		{E033292C-1101-44F4-867D-083EF8DB215F}.Ad-Hoc|iPhone.Deploy.0 = Release|Any CPU
		{E033292C-1101-44F4-867D-083EF8DB215F}.Ad-Hoc|iPhoneSimulator.ActiveCfg = Release|Any CPU
		{E033292C-1101-44F4-867D-083EF8DB215F}.Ad-Hoc|iPhoneSimulator.Build.0 = Release|Any CPU
		{E033292C-1101-44F4-867D-083EF8DB215F}.Ad-Hoc|iPhoneSimulator.Deploy.0 = Release|Any CPU
		{E033292C-1101-44F4-867D-083EF8DB215F}.Ad-Hoc|x64.ActiveCfg = Release|Any CPU
		{E033292C-1101-44F4-867D-083EF8DB215F}.Ad-Hoc|x64.Build.0 = Release|Any CPU
		{E033292C-1101-44F4-867D-083EF8DB215F}.Ad-Hoc|x64.Deploy.0 = Release|Any CPU
		{E033292C-1101-44F4-867D-083EF8DB215F}.Ad-Hoc|x86.ActiveCfg = Release|Any CPU
		{E033292C-1101-44F4-867D-083EF8DB215F}.Ad-Hoc|x86.Build.0 = Release|Any CPU
		{E033292C-1101-44F4-867D-083EF8DB215F}.Ad-Hoc|x86.Deploy.0 = Release|Any CPU
		{E033292C-1101-44F4-867D-083EF8DB215F}.AppStore|Any CPU.ActiveCfg = Release|Any CPU
		{E033292C-1101-44F4-867D-083EF8DB215F}.AppStore|Any CPU.Build.0 = Release|Any CPU
		{E033292C-1101-44F4-867D-083EF8DB215F}.AppStore|Any CPU.Deploy.0 = Release|Any CPU
		{E033292C-1101-44F4-867D-083EF8DB215F}.AppStore|ARM.ActiveCfg = Release|Any CPU
		{E033292C-1101-44F4-867D-083EF8DB215F}.AppStore|ARM.Build.0 = Release|Any CPU
		{E033292C-1101-44F4-867D-083EF8DB215F}.AppStore|ARM.Deploy.0 = Release|Any CPU
		{E033292C-1101-44F4-867D-083EF8DB215F}.AppStore|iPhone.ActiveCfg = Release|Any CPU
		{E033292C-1101-44F4-867D-083EF8DB215F}.AppStore|iPhone.Build.0 = Release|Any CPU
		{E033292C-1101-44F4-867D-083EF8DB215F}.AppStore|iPhone.Deploy.0 = Release|Any CPU
		{E033292C-1101-44F4-867D-083EF8DB215F}.AppStore|iPhoneSimulator.ActiveCfg = Release|Any CPU
		{E033292C-1101-44F4-867D-083EF8DB215F}.AppStore|iPhoneSimulator.Build.0 = Release|Any CPU
		{E033292C-1101-44F4-867D-083EF8DB215F}.AppStore|iPhoneSimulator.Deploy.0 = Release|Any CPU
		{E033292C-1101-44F4-867D-083EF8DB215F}.AppStore|x64.ActiveCfg = Release|Any CPU
		{E033292C-1101-44F4-867D-083EF8DB215F}.AppStore|x64.Build.0 = Release|Any CPU
		{E033292C-1101-44F4-867D-083EF8DB215F}.AppStore|x64.Deploy.0 = Release|Any CPU
		{E033292C-1101-44F4-867D-083EF8DB215F}.AppStore|x86.ActiveCfg = Release|Any CPU
		{E033292C-1101-44F4-867D-083EF8DB215F}.AppStore|x86.Build.0 = Release|Any CPU
		{E033292C-1101-44F4-867D-083EF8DB215F}.AppStore|x86.Deploy.0 = Release|Any CPU
		{E033292C-1101-44F4-867D-083EF8DB215F}.Debug|Any CPU.ActiveCfg = Debug|Any CPU
		{E033292C-1101-44F4-867D-083EF8DB215F}.Debug|Any CPU.Build.0 = Debug|Any CPU
		{E033292C-1101-44F4-867D-083EF8DB215F}.Debug|Any CPU.Deploy.0 = Debug|Any CPU
		{E033292C-1101-44F4-867D-083EF8DB215F}.Debug|ARM.ActiveCfg = Debug|Any CPU
		{E033292C-1101-44F4-867D-083EF8DB215F}.Debug|ARM.Build.0 = Debug|Any CPU
		{E033292C-1101-44F4-867D-083EF8DB215F}.Debug|ARM.Deploy.0 = Debug|Any CPU
		{E033292C-1101-44F4-867D-083EF8DB215F}.Debug|iPhone.ActiveCfg = Debug|Any CPU
		{E033292C-1101-44F4-867D-083EF8DB215F}.Debug|iPhone.Build.0 = Debug|Any CPU
		{E033292C-1101-44F4-867D-083EF8DB215F}.Debug|iPhone.Deploy.0 = Debug|Any CPU
		{E033292C-1101-44F4-867D-083EF8DB215F}.Debug|iPhoneSimulator.ActiveCfg = Debug|Any CPU
		{E033292C-1101-44F4-867D-083EF8DB215F}.Debug|iPhoneSimulator.Build.0 = Debug|Any CPU
		{E033292C-1101-44F4-867D-083EF8DB215F}.Debug|iPhoneSimulator.Deploy.0 = Debug|Any CPU
		{E033292C-1101-44F4-867D-083EF8DB215F}.Debug|x64.ActiveCfg = Debug|Any CPU
		{E033292C-1101-44F4-867D-083EF8DB215F}.Debug|x64.Build.0 = Debug|Any CPU
		{E033292C-1101-44F4-867D-083EF8DB215F}.Debug|x64.Deploy.0 = Debug|Any CPU
		{E033292C-1101-44F4-867D-083EF8DB215F}.Debug|x86.ActiveCfg = Debug|Any CPU
		{E033292C-1101-44F4-867D-083EF8DB215F}.Debug|x86.Build.0 = Debug|Any CPU
		{E033292C-1101-44F4-867D-083EF8DB215F}.Debug|x86.Deploy.0 = Debug|Any CPU
		{E033292C-1101-44F4-867D-083EF8DB215F}.Release|Any CPU.ActiveCfg = Release|Any CPU
		{E033292C-1101-44F4-867D-083EF8DB215F}.Release|Any CPU.Build.0 = Release|Any CPU
		{E033292C-1101-44F4-867D-083EF8DB215F}.Release|Any CPU.Deploy.0 = Release|Any CPU
		{E033292C-1101-44F4-867D-083EF8DB215F}.Release|ARM.ActiveCfg = Release|Any CPU
		{E033292C-1101-44F4-867D-083EF8DB215F}.Release|ARM.Build.0 = Release|Any CPU
		{E033292C-1101-44F4-867D-083EF8DB215F}.Release|ARM.Deploy.0 = Release|Any CPU
		{E033292C-1101-44F4-867D-083EF8DB215F}.Release|iPhone.ActiveCfg = Release|Any CPU
		{E033292C-1101-44F4-867D-083EF8DB215F}.Release|iPhone.Build.0 = Release|Any CPU
		{E033292C-1101-44F4-867D-083EF8DB215F}.Release|iPhone.Deploy.0 = Release|Any CPU
		{E033292C-1101-44F4-867D-083EF8DB215F}.Release|iPhoneSimulator.ActiveCfg = Release|Any CPU
		{E033292C-1101-44F4-867D-083EF8DB215F}.Release|iPhoneSimulator.Build.0 = Release|Any CPU
		{E033292C-1101-44F4-867D-083EF8DB215F}.Release|iPhoneSimulator.Deploy.0 = Release|Any CPU
		{E033292C-1101-44F4-867D-083EF8DB215F}.Release|x64.ActiveCfg = Release|Any CPU
		{E033292C-1101-44F4-867D-083EF8DB215F}.Release|x64.Build.0 = Release|Any CPU
		{E033292C-1101-44F4-867D-083EF8DB215F}.Release|x64.Deploy.0 = Release|Any CPU
		{E033292C-1101-44F4-867D-083EF8DB215F}.Release|x86.ActiveCfg = Release|Any CPU
		{E033292C-1101-44F4-867D-083EF8DB215F}.Release|x86.Build.0 = Release|Any CPU
		{E033292C-1101-44F4-867D-083EF8DB215F}.Release|x86.Deploy.0 = Release|Any CPU
		{3A6D3F53-03E3-46F4-A8C5-4E2EBE9C160D}.Ad-Hoc|Any CPU.ActiveCfg = Release|Any CPU
		{3A6D3F53-03E3-46F4-A8C5-4E2EBE9C160D}.Ad-Hoc|Any CPU.Build.0 = Release|Any CPU
		{3A6D3F53-03E3-46F4-A8C5-4E2EBE9C160D}.Ad-Hoc|ARM.ActiveCfg = Release|Any CPU
		{3A6D3F53-03E3-46F4-A8C5-4E2EBE9C160D}.Ad-Hoc|ARM.Build.0 = Release|Any CPU
		{3A6D3F53-03E3-46F4-A8C5-4E2EBE9C160D}.Ad-Hoc|iPhone.ActiveCfg = Release|Any CPU
		{3A6D3F53-03E3-46F4-A8C5-4E2EBE9C160D}.Ad-Hoc|iPhone.Build.0 = Release|Any CPU
		{3A6D3F53-03E3-46F4-A8C5-4E2EBE9C160D}.Ad-Hoc|iPhoneSimulator.ActiveCfg = Release|Any CPU
		{3A6D3F53-03E3-46F4-A8C5-4E2EBE9C160D}.Ad-Hoc|iPhoneSimulator.Build.0 = Release|Any CPU
		{3A6D3F53-03E3-46F4-A8C5-4E2EBE9C160D}.Ad-Hoc|x64.ActiveCfg = Release|Any CPU
		{3A6D3F53-03E3-46F4-A8C5-4E2EBE9C160D}.Ad-Hoc|x64.Build.0 = Release|Any CPU
		{3A6D3F53-03E3-46F4-A8C5-4E2EBE9C160D}.Ad-Hoc|x86.ActiveCfg = Release|Any CPU
		{3A6D3F53-03E3-46F4-A8C5-4E2EBE9C160D}.Ad-Hoc|x86.Build.0 = Release|Any CPU
		{3A6D3F53-03E3-46F4-A8C5-4E2EBE9C160D}.AppStore|Any CPU.ActiveCfg = Release|Any CPU
		{3A6D3F53-03E3-46F4-A8C5-4E2EBE9C160D}.AppStore|Any CPU.Build.0 = Release|Any CPU
		{3A6D3F53-03E3-46F4-A8C5-4E2EBE9C160D}.AppStore|ARM.ActiveCfg = Release|Any CPU
		{3A6D3F53-03E3-46F4-A8C5-4E2EBE9C160D}.AppStore|ARM.Build.0 = Release|Any CPU
		{3A6D3F53-03E3-46F4-A8C5-4E2EBE9C160D}.AppStore|iPhone.ActiveCfg = Release|Any CPU
		{3A6D3F53-03E3-46F4-A8C5-4E2EBE9C160D}.AppStore|iPhone.Build.0 = Release|Any CPU
		{3A6D3F53-03E3-46F4-A8C5-4E2EBE9C160D}.AppStore|iPhoneSimulator.ActiveCfg = Release|Any CPU
		{3A6D3F53-03E3-46F4-A8C5-4E2EBE9C160D}.AppStore|iPhoneSimulator.Build.0 = Release|Any CPU
		{3A6D3F53-03E3-46F4-A8C5-4E2EBE9C160D}.AppStore|x64.ActiveCfg = Release|Any CPU
		{3A6D3F53-03E3-46F4-A8C5-4E2EBE9C160D}.AppStore|x64.Build.0 = Release|Any CPU
		{3A6D3F53-03E3-46F4-A8C5-4E2EBE9C160D}.AppStore|x86.ActiveCfg = Release|Any CPU
		{3A6D3F53-03E3-46F4-A8C5-4E2EBE9C160D}.AppStore|x86.Build.0 = Release|Any CPU
		{3A6D3F53-03E3-46F4-A8C5-4E2EBE9C160D}.Debug|Any CPU.ActiveCfg = Debug|Any CPU
		{3A6D3F53-03E3-46F4-A8C5-4E2EBE9C160D}.Debug|Any CPU.Build.0 = Debug|Any CPU
		{3A6D3F53-03E3-46F4-A8C5-4E2EBE9C160D}.Debug|ARM.ActiveCfg = Debug|Any CPU
		{3A6D3F53-03E3-46F4-A8C5-4E2EBE9C160D}.Debug|ARM.Build.0 = Debug|Any CPU
		{3A6D3F53-03E3-46F4-A8C5-4E2EBE9C160D}.Debug|iPhone.ActiveCfg = Debug|Any CPU
		{3A6D3F53-03E3-46F4-A8C5-4E2EBE9C160D}.Debug|iPhone.Build.0 = Debug|Any CPU
		{3A6D3F53-03E3-46F4-A8C5-4E2EBE9C160D}.Debug|iPhoneSimulator.ActiveCfg = Debug|Any CPU
		{3A6D3F53-03E3-46F4-A8C5-4E2EBE9C160D}.Debug|iPhoneSimulator.Build.0 = Debug|Any CPU
		{3A6D3F53-03E3-46F4-A8C5-4E2EBE9C160D}.Debug|x64.ActiveCfg = Debug|Any CPU
		{3A6D3F53-03E3-46F4-A8C5-4E2EBE9C160D}.Debug|x64.Build.0 = Debug|Any CPU
		{3A6D3F53-03E3-46F4-A8C5-4E2EBE9C160D}.Debug|x86.ActiveCfg = Debug|Any CPU
		{3A6D3F53-03E3-46F4-A8C5-4E2EBE9C160D}.Debug|x86.Build.0 = Debug|Any CPU
		{3A6D3F53-03E3-46F4-A8C5-4E2EBE9C160D}.Release|Any CPU.ActiveCfg = Release|Any CPU
		{3A6D3F53-03E3-46F4-A8C5-4E2EBE9C160D}.Release|Any CPU.Build.0 = Release|Any CPU
		{3A6D3F53-03E3-46F4-A8C5-4E2EBE9C160D}.Release|ARM.ActiveCfg = Release|Any CPU
		{3A6D3F53-03E3-46F4-A8C5-4E2EBE9C160D}.Release|ARM.Build.0 = Release|Any CPU
		{3A6D3F53-03E3-46F4-A8C5-4E2EBE9C160D}.Release|iPhone.ActiveCfg = Release|Any CPU
		{3A6D3F53-03E3-46F4-A8C5-4E2EBE9C160D}.Release|iPhone.Build.0 = Release|Any CPU
		{3A6D3F53-03E3-46F4-A8C5-4E2EBE9C160D}.Release|iPhoneSimulator.ActiveCfg = Release|Any CPU
		{3A6D3F53-03E3-46F4-A8C5-4E2EBE9C160D}.Release|iPhoneSimulator.Build.0 = Release|Any CPU
		{3A6D3F53-03E3-46F4-A8C5-4E2EBE9C160D}.Release|x64.ActiveCfg = Release|Any CPU
		{3A6D3F53-03E3-46F4-A8C5-4E2EBE9C160D}.Release|x64.Build.0 = Release|Any CPU
		{3A6D3F53-03E3-46F4-A8C5-4E2EBE9C160D}.Release|x86.ActiveCfg = Release|Any CPU
		{3A6D3F53-03E3-46F4-A8C5-4E2EBE9C160D}.Release|x86.Build.0 = Release|Any CPU
		{08FFC704-E809-422D-90FC-4D41FDAD7F1F}.Ad-Hoc|Any CPU.ActiveCfg = Release|Any CPU
		{08FFC704-E809-422D-90FC-4D41FDAD7F1F}.Ad-Hoc|Any CPU.Build.0 = Release|Any CPU
		{08FFC704-E809-422D-90FC-4D41FDAD7F1F}.Ad-Hoc|ARM.ActiveCfg = Release|Any CPU
		{08FFC704-E809-422D-90FC-4D41FDAD7F1F}.Ad-Hoc|ARM.Build.0 = Release|Any CPU
		{08FFC704-E809-422D-90FC-4D41FDAD7F1F}.Ad-Hoc|iPhone.ActiveCfg = Release|Any CPU
		{08FFC704-E809-422D-90FC-4D41FDAD7F1F}.Ad-Hoc|iPhone.Build.0 = Release|Any CPU
		{08FFC704-E809-422D-90FC-4D41FDAD7F1F}.Ad-Hoc|iPhoneSimulator.ActiveCfg = Release|Any CPU
		{08FFC704-E809-422D-90FC-4D41FDAD7F1F}.Ad-Hoc|iPhoneSimulator.Build.0 = Release|Any CPU
		{08FFC704-E809-422D-90FC-4D41FDAD7F1F}.Ad-Hoc|x64.ActiveCfg = Release|Any CPU
		{08FFC704-E809-422D-90FC-4D41FDAD7F1F}.Ad-Hoc|x64.Build.0 = Release|Any CPU
		{08FFC704-E809-422D-90FC-4D41FDAD7F1F}.Ad-Hoc|x86.ActiveCfg = Release|Any CPU
		{08FFC704-E809-422D-90FC-4D41FDAD7F1F}.Ad-Hoc|x86.Build.0 = Release|Any CPU
		{08FFC704-E809-422D-90FC-4D41FDAD7F1F}.AppStore|Any CPU.ActiveCfg = Release|Any CPU
		{08FFC704-E809-422D-90FC-4D41FDAD7F1F}.AppStore|Any CPU.Build.0 = Release|Any CPU
		{08FFC704-E809-422D-90FC-4D41FDAD7F1F}.AppStore|ARM.ActiveCfg = Release|Any CPU
		{08FFC704-E809-422D-90FC-4D41FDAD7F1F}.AppStore|ARM.Build.0 = Release|Any CPU
		{08FFC704-E809-422D-90FC-4D41FDAD7F1F}.AppStore|iPhone.ActiveCfg = Release|Any CPU
		{08FFC704-E809-422D-90FC-4D41FDAD7F1F}.AppStore|iPhone.Build.0 = Release|Any CPU
		{08FFC704-E809-422D-90FC-4D41FDAD7F1F}.AppStore|iPhoneSimulator.ActiveCfg = Release|Any CPU
		{08FFC704-E809-422D-90FC-4D41FDAD7F1F}.AppStore|iPhoneSimulator.Build.0 = Release|Any CPU
		{08FFC704-E809-422D-90FC-4D41FDAD7F1F}.AppStore|x64.ActiveCfg = Release|Any CPU
		{08FFC704-E809-422D-90FC-4D41FDAD7F1F}.AppStore|x64.Build.0 = Release|Any CPU
		{08FFC704-E809-422D-90FC-4D41FDAD7F1F}.AppStore|x86.ActiveCfg = Release|Any CPU
		{08FFC704-E809-422D-90FC-4D41FDAD7F1F}.AppStore|x86.Build.0 = Release|Any CPU
		{08FFC704-E809-422D-90FC-4D41FDAD7F1F}.Debug|Any CPU.ActiveCfg = Debug|Any CPU
		{08FFC704-E809-422D-90FC-4D41FDAD7F1F}.Debug|Any CPU.Build.0 = Debug|Any CPU
		{08FFC704-E809-422D-90FC-4D41FDAD7F1F}.Debug|ARM.ActiveCfg = Debug|Any CPU
		{08FFC704-E809-422D-90FC-4D41FDAD7F1F}.Debug|ARM.Build.0 = Debug|Any CPU
		{08FFC704-E809-422D-90FC-4D41FDAD7F1F}.Debug|iPhone.ActiveCfg = Debug|Any CPU
		{08FFC704-E809-422D-90FC-4D41FDAD7F1F}.Debug|iPhone.Build.0 = Debug|Any CPU
		{08FFC704-E809-422D-90FC-4D41FDAD7F1F}.Debug|iPhoneSimulator.ActiveCfg = Debug|Any CPU
		{08FFC704-E809-422D-90FC-4D41FDAD7F1F}.Debug|iPhoneSimulator.Build.0 = Debug|Any CPU
		{08FFC704-E809-422D-90FC-4D41FDAD7F1F}.Debug|x64.ActiveCfg = Debug|Any CPU
		{08FFC704-E809-422D-90FC-4D41FDAD7F1F}.Debug|x64.Build.0 = Debug|Any CPU
		{08FFC704-E809-422D-90FC-4D41FDAD7F1F}.Debug|x86.ActiveCfg = Debug|Any CPU
		{08FFC704-E809-422D-90FC-4D41FDAD7F1F}.Debug|x86.Build.0 = Debug|Any CPU
		{08FFC704-E809-422D-90FC-4D41FDAD7F1F}.Release|Any CPU.ActiveCfg = Release|Any CPU
		{08FFC704-E809-422D-90FC-4D41FDAD7F1F}.Release|Any CPU.Build.0 = Release|Any CPU
		{08FFC704-E809-422D-90FC-4D41FDAD7F1F}.Release|ARM.ActiveCfg = Release|Any CPU
		{08FFC704-E809-422D-90FC-4D41FDAD7F1F}.Release|ARM.Build.0 = Release|Any CPU
		{08FFC704-E809-422D-90FC-4D41FDAD7F1F}.Release|iPhone.ActiveCfg = Release|Any CPU
		{08FFC704-E809-422D-90FC-4D41FDAD7F1F}.Release|iPhone.Build.0 = Release|Any CPU
		{08FFC704-E809-422D-90FC-4D41FDAD7F1F}.Release|iPhoneSimulator.ActiveCfg = Release|Any CPU
		{08FFC704-E809-422D-90FC-4D41FDAD7F1F}.Release|iPhoneSimulator.Build.0 = Release|Any CPU
		{08FFC704-E809-422D-90FC-4D41FDAD7F1F}.Release|x64.ActiveCfg = Release|Any CPU
		{08FFC704-E809-422D-90FC-4D41FDAD7F1F}.Release|x64.Build.0 = Release|Any CPU
		{08FFC704-E809-422D-90FC-4D41FDAD7F1F}.Release|x86.ActiveCfg = Release|Any CPU
		{08FFC704-E809-422D-90FC-4D41FDAD7F1F}.Release|x86.Build.0 = Release|Any CPU
		{AD35A6D8-103A-4F3D-873C-1CE2C75254FB}.Ad-Hoc|Any CPU.ActiveCfg = Release|x64
		{AD35A6D8-103A-4F3D-873C-1CE2C75254FB}.Ad-Hoc|Any CPU.Build.0 = Release|x64
		{AD35A6D8-103A-4F3D-873C-1CE2C75254FB}.Ad-Hoc|Any CPU.Deploy.0 = Release|x64
		{AD35A6D8-103A-4F3D-873C-1CE2C75254FB}.Ad-Hoc|ARM.ActiveCfg = Release|ARM
		{AD35A6D8-103A-4F3D-873C-1CE2C75254FB}.Ad-Hoc|ARM.Build.0 = Release|ARM
		{AD35A6D8-103A-4F3D-873C-1CE2C75254FB}.Ad-Hoc|ARM.Deploy.0 = Release|ARM
		{AD35A6D8-103A-4F3D-873C-1CE2C75254FB}.Ad-Hoc|iPhone.ActiveCfg = Release|x64
		{AD35A6D8-103A-4F3D-873C-1CE2C75254FB}.Ad-Hoc|iPhone.Build.0 = Release|x64
		{AD35A6D8-103A-4F3D-873C-1CE2C75254FB}.Ad-Hoc|iPhone.Deploy.0 = Release|x64
		{AD35A6D8-103A-4F3D-873C-1CE2C75254FB}.Ad-Hoc|iPhoneSimulator.ActiveCfg = Release|x64
		{AD35A6D8-103A-4F3D-873C-1CE2C75254FB}.Ad-Hoc|iPhoneSimulator.Build.0 = Release|x64
		{AD35A6D8-103A-4F3D-873C-1CE2C75254FB}.Ad-Hoc|iPhoneSimulator.Deploy.0 = Release|x64
		{AD35A6D8-103A-4F3D-873C-1CE2C75254FB}.Ad-Hoc|x64.ActiveCfg = Release|x64
		{AD35A6D8-103A-4F3D-873C-1CE2C75254FB}.Ad-Hoc|x64.Build.0 = Release|x64
		{AD35A6D8-103A-4F3D-873C-1CE2C75254FB}.Ad-Hoc|x64.Deploy.0 = Release|x64
		{AD35A6D8-103A-4F3D-873C-1CE2C75254FB}.Ad-Hoc|x86.ActiveCfg = Release|x86
		{AD35A6D8-103A-4F3D-873C-1CE2C75254FB}.Ad-Hoc|x86.Build.0 = Release|x86
		{AD35A6D8-103A-4F3D-873C-1CE2C75254FB}.Ad-Hoc|x86.Deploy.0 = Release|x86
		{AD35A6D8-103A-4F3D-873C-1CE2C75254FB}.AppStore|Any CPU.ActiveCfg = Release|x64
		{AD35A6D8-103A-4F3D-873C-1CE2C75254FB}.AppStore|Any CPU.Build.0 = Release|x64
		{AD35A6D8-103A-4F3D-873C-1CE2C75254FB}.AppStore|Any CPU.Deploy.0 = Release|x64
		{AD35A6D8-103A-4F3D-873C-1CE2C75254FB}.AppStore|ARM.ActiveCfg = Release|ARM
		{AD35A6D8-103A-4F3D-873C-1CE2C75254FB}.AppStore|ARM.Build.0 = Release|ARM
		{AD35A6D8-103A-4F3D-873C-1CE2C75254FB}.AppStore|ARM.Deploy.0 = Release|ARM
		{AD35A6D8-103A-4F3D-873C-1CE2C75254FB}.AppStore|iPhone.ActiveCfg = Release|x64
		{AD35A6D8-103A-4F3D-873C-1CE2C75254FB}.AppStore|iPhone.Build.0 = Release|x64
		{AD35A6D8-103A-4F3D-873C-1CE2C75254FB}.AppStore|iPhone.Deploy.0 = Release|x64
		{AD35A6D8-103A-4F3D-873C-1CE2C75254FB}.AppStore|iPhoneSimulator.ActiveCfg = Release|x64
		{AD35A6D8-103A-4F3D-873C-1CE2C75254FB}.AppStore|iPhoneSimulator.Build.0 = Release|x64
		{AD35A6D8-103A-4F3D-873C-1CE2C75254FB}.AppStore|iPhoneSimulator.Deploy.0 = Release|x64
		{AD35A6D8-103A-4F3D-873C-1CE2C75254FB}.AppStore|x64.ActiveCfg = Release|x64
		{AD35A6D8-103A-4F3D-873C-1CE2C75254FB}.AppStore|x64.Build.0 = Release|x64
		{AD35A6D8-103A-4F3D-873C-1CE2C75254FB}.AppStore|x64.Deploy.0 = Release|x64
		{AD35A6D8-103A-4F3D-873C-1CE2C75254FB}.AppStore|x86.ActiveCfg = Release|x86
		{AD35A6D8-103A-4F3D-873C-1CE2C75254FB}.AppStore|x86.Build.0 = Release|x86
		{AD35A6D8-103A-4F3D-873C-1CE2C75254FB}.AppStore|x86.Deploy.0 = Release|x86
		{AD35A6D8-103A-4F3D-873C-1CE2C75254FB}.Debug|Any CPU.ActiveCfg = Debug|x86
		{AD35A6D8-103A-4F3D-873C-1CE2C75254FB}.Debug|Any CPU.Build.0 = Debug|x86
		{AD35A6D8-103A-4F3D-873C-1CE2C75254FB}.Debug|Any CPU.Deploy.0 = Debug|x86
		{AD35A6D8-103A-4F3D-873C-1CE2C75254FB}.Debug|ARM.ActiveCfg = Debug|ARM
		{AD35A6D8-103A-4F3D-873C-1CE2C75254FB}.Debug|ARM.Build.0 = Debug|ARM
		{AD35A6D8-103A-4F3D-873C-1CE2C75254FB}.Debug|ARM.Deploy.0 = Debug|ARM
		{AD35A6D8-103A-4F3D-873C-1CE2C75254FB}.Debug|iPhone.ActiveCfg = Debug|x86
		{AD35A6D8-103A-4F3D-873C-1CE2C75254FB}.Debug|iPhoneSimulator.ActiveCfg = Debug|x86
		{AD35A6D8-103A-4F3D-873C-1CE2C75254FB}.Debug|x64.ActiveCfg = Debug|x64
		{AD35A6D8-103A-4F3D-873C-1CE2C75254FB}.Debug|x64.Build.0 = Debug|x64
		{AD35A6D8-103A-4F3D-873C-1CE2C75254FB}.Debug|x64.Deploy.0 = Debug|x64
		{AD35A6D8-103A-4F3D-873C-1CE2C75254FB}.Debug|x86.ActiveCfg = Debug|x86
		{AD35A6D8-103A-4F3D-873C-1CE2C75254FB}.Debug|x86.Build.0 = Debug|x86
		{AD35A6D8-103A-4F3D-873C-1CE2C75254FB}.Debug|x86.Deploy.0 = Debug|x86
		{AD35A6D8-103A-4F3D-873C-1CE2C75254FB}.Release|Any CPU.ActiveCfg = Release|x86
		{AD35A6D8-103A-4F3D-873C-1CE2C75254FB}.Release|ARM.ActiveCfg = Release|ARM
		{AD35A6D8-103A-4F3D-873C-1CE2C75254FB}.Release|ARM.Build.0 = Release|ARM
		{AD35A6D8-103A-4F3D-873C-1CE2C75254FB}.Release|ARM.Deploy.0 = Release|ARM
		{AD35A6D8-103A-4F3D-873C-1CE2C75254FB}.Release|iPhone.ActiveCfg = Release|x86
		{AD35A6D8-103A-4F3D-873C-1CE2C75254FB}.Release|iPhoneSimulator.ActiveCfg = Release|x86
		{AD35A6D8-103A-4F3D-873C-1CE2C75254FB}.Release|x64.ActiveCfg = Release|x64
		{AD35A6D8-103A-4F3D-873C-1CE2C75254FB}.Release|x64.Build.0 = Release|x64
		{AD35A6D8-103A-4F3D-873C-1CE2C75254FB}.Release|x64.Deploy.0 = Release|x64
		{AD35A6D8-103A-4F3D-873C-1CE2C75254FB}.Release|x86.ActiveCfg = Release|x86
		{AD35A6D8-103A-4F3D-873C-1CE2C75254FB}.Release|x86.Build.0 = Release|x86
		{AD35A6D8-103A-4F3D-873C-1CE2C75254FB}.Release|x86.Deploy.0 = Release|x86
	EndGlobalSection
	GlobalSection(SolutionProperties) = preSolution
		HideSolutionNode = FALSE
	EndGlobalSection
	GlobalSection(NestedProjects) = preSolution
		{2320FE5D-B009-4969-A7E1-56E575D5491D} = {51BB0D55-DE86-42BD-B0F2-BF65053A8C05}
		{9F51DC60-DC68-4BB1-B41C-65CF85BC22E9} = {51BB0D55-DE86-42BD-B0F2-BF65053A8C05}
		{14ED0261-D03D-4463-98DC-2EB091CEE4DF} = {9F51DC60-DC68-4BB1-B41C-65CF85BC22E9}
		{0E98F0DA-E3DB-473D-9E49-73CC40153E7E} = {14ED0261-D03D-4463-98DC-2EB091CEE4DF}
		{7A542659-2330-40B7-B3C0-40696D9C0530} = {B8C83836-05B0-47DC-A033-0C57EA0F16EC}
		{4273F19B-4EAC-4EDF-9236-8649845E7D9D} = {9F51DC60-DC68-4BB1-B41C-65CF85BC22E9}
		{E033292C-1101-44F4-867D-083EF8DB215F} = {4273F19B-4EAC-4EDF-9236-8649845E7D9D}
		{9334F60A-F567-4046-A0E7-DC28CC336CCD} = {9F51DC60-DC68-4BB1-B41C-65CF85BC22E9}
		{3A6D3F53-03E3-46F4-A8C5-4E2EBE9C160D} = {9334F60A-F567-4046-A0E7-DC28CC336CCD}
		{8E48B440-3187-4F55-856F-3CF6D1174886} = {9F51DC60-DC68-4BB1-B41C-65CF85BC22E9}
		{08FFC704-E809-422D-90FC-4D41FDAD7F1F} = {8E48B440-3187-4F55-856F-3CF6D1174886}
		{CFB46DB4-DAC8-4299-A303-BB1DC3891999} = {9F51DC60-DC68-4BB1-B41C-65CF85BC22E9}
		{AD35A6D8-103A-4F3D-873C-1CE2C75254FB} = {CFB46DB4-DAC8-4299-A303-BB1DC3891999}
	EndGlobalSection
EndGlobal
