
Microsoft Visual Studio Solution File, Format Version 12.00
# Visual Studio 14
VisualStudioVersion = 14.0.25420.1
MinimumVisualStudioVersion = 10.0.40219.1
Project("{2150E333-8FDC-42A3-9474-1A3956D46DE8}") = "src", "src", "{51BB0D55-DE86-42BD-B0F2-BF65053A8C05}"
EndProject
Project("{2150E333-8FDC-42A3-9474-1A3956D46DE8}") = "Solution Items", "Solution Items", "{FF62FBD3-8665-4163-82FC-C95B2AF6DD68}"
	ProjectSection(SolutionItems) = preProject
		global.json = global.json
	EndProjectSection
EndProject
Project("{8BB2217D-0F2D-49D1-97BC-3654ED321F3B}") = "GravatarHelper.NetStandard", "src\GravatarHelper.NetStandard\GravatarHelper.NetStandard.xproj", "{2320FE5D-B009-4969-A7E1-56E575D5491D}"
EndProject
Project("{2150E333-8FDC-42A3-9474-1A3956D46DE8}") = "test", "test", "{B8C83836-05B0-47DC-A033-0C57EA0F16EC}"
EndProject
Project("{8BB2217D-0F2D-49D1-97BC-3654ED321F3B}") = "GravatarHelper.NetStandard.Tests", "test\GravatarHelper.NetStandard.Tests\GravatarHelper.NetStandard.Tests.xproj", "{7A542659-2330-40B7-B3C0-40696D9C0530}"
EndProject
Global
	GlobalSection(SolutionConfigurationPlatforms) = preSolution
		Ad-Hoc|Any CPU = Ad-Hoc|Any CPU
		Ad-Hoc|ARM = Ad-Hoc|ARM
		Ad-Hoc|iPhone = Ad-Hoc|iPhone
		Ad-Hoc|iPhoneSimulator = Ad-Hoc|iPhoneSimulator
		Ad-Hoc|x64 = Ad-Hoc|x64
		Ad-Hoc|x86 = Ad-Hoc|x86
		AppStore|Any CPU = AppStore|Any CPU
		AppStore|ARM = AppStore|ARM
		AppStore|iPhone = AppStore|iPhone
		AppStore|iPhoneSimulator = AppStore|iPhoneSimulator
		AppStore|x64 = AppStore|x64
		AppStore|x86 = AppStore|x86
		Debug|Any CPU = Debug|Any CPU
		Debug|ARM = Debug|ARM
		Debug|iPhone = Debug|iPhone
		Debug|iPhoneSimulator = Debug|iPhoneSimulator
		Debug|x64 = Debug|x64
		Debug|x86 = Debug|x86
		Release|Any CPU = Release|Any CPU
		Release|ARM = Release|ARM
		Release|iPhone = Release|iPhone
		Release|iPhoneSimulator = Release|iPhoneSimulator
		Release|x64 = Release|x64
		Release|x86 = Release|x86
	EndGlobalSection
	GlobalSection(ProjectConfigurationPlatforms) = postSolution
		{2320FE5D-B009-4969-A7E1-56E575D5491D}.Ad-Hoc|Any CPU.ActiveCfg = Release|Any CPU
		{2320FE5D-B009-4969-A7E1-56E575D5491D}.Ad-Hoc|Any CPU.Build.0 = Release|Any CPU
		{2320FE5D-B009-4969-A7E1-56E575D5491D}.Ad-Hoc|ARM.ActiveCfg = Release|Any CPU
		{2320FE5D-B009-4969-A7E1-56E575D5491D}.Ad-Hoc|ARM.Build.0 = Release|Any CPU
		{2320FE5D-B009-4969-A7E1-56E575D5491D}.Ad-Hoc|iPhone.ActiveCfg = Release|Any CPU
		{2320FE5D-B009-4969-A7E1-56E575D5491D}.Ad-Hoc|iPhone.Build.0 = Release|Any CPU
		{2320FE5D-B009-4969-A7E1-56E575D5491D}.Ad-Hoc|iPhoneSimulator.ActiveCfg = Release|Any CPU
		{2320FE5D-B009-4969-A7E1-56E575D5491D}.Ad-Hoc|iPhoneSimulator.Build.0 = Release|Any CPU
		{2320FE5D-B009-4969-A7E1-56E575D5491D}.Ad-Hoc|x64.ActiveCfg = Release|Any CPU
		{2320FE5D-B009-4969-A7E1-56E575D5491D}.Ad-Hoc|x64.Build.0 = Release|Any CPU
		{2320FE5D-B009-4969-A7E1-56E575D5491D}.Ad-Hoc|x86.ActiveCfg = Release|Any CPU
		{2320FE5D-B009-4969-A7E1-56E575D5491D}.Ad-Hoc|x86.Build.0 = Release|Any CPU
		{2320FE5D-B009-4969-A7E1-56E575D5491D}.AppStore|Any CPU.ActiveCfg = Release|Any CPU
		{2320FE5D-B009-4969-A7E1-56E575D5491D}.AppStore|Any CPU.Build.0 = Release|Any CPU
		{2320FE5D-B009-4969-A7E1-56E575D5491D}.AppStore|ARM.ActiveCfg = Release|Any CPU
		{2320FE5D-B009-4969-A7E1-56E575D5491D}.AppStore|ARM.Build.0 = Release|Any CPU
		{2320FE5D-B009-4969-A7E1-56E575D5491D}.AppStore|iPhone.ActiveCfg = Release|Any CPU
		{2320FE5D-B009-4969-A7E1-56E575D5491D}.AppStore|iPhone.Build.0 = Release|Any CPU
		{2320FE5D-B009-4969-A7E1-56E575D5491D}.AppStore|iPhoneSimulator.ActiveCfg = Release|Any CPU
		{2320FE5D-B009-4969-A7E1-56E575D5491D}.AppStore|iPhoneSimulator.Build.0 = Release|Any CPU
		{2320FE5D-B009-4969-A7E1-56E575D5491D}.AppStore|x64.ActiveCfg = Release|Any CPU
		{2320FE5D-B009-4969-A7E1-56E575D5491D}.AppStore|x64.Build.0 = Release|Any CPU
		{2320FE5D-B009-4969-A7E1-56E575D5491D}.AppStore|x86.ActiveCfg = Release|Any CPU
		{2320FE5D-B009-4969-A7E1-56E575D5491D}.AppStore|x86.Build.0 = Release|Any CPU
		{2320FE5D-B009-4969-A7E1-56E575D5491D}.Debug|Any CPU.ActiveCfg = Debug|Any CPU
		{2320FE5D-B009-4969-A7E1-56E575D5491D}.Debug|Any CPU.Build.0 = Debug|Any CPU
		{2320FE5D-B009-4969-A7E1-56E575D5491D}.Debug|ARM.ActiveCfg = Debug|Any CPU
		{2320FE5D-B009-4969-A7E1-56E575D5491D}.Debug|ARM.Build.0 = Debug|Any CPU
		{2320FE5D-B009-4969-A7E1-56E575D5491D}.Debug|iPhone.ActiveCfg = Debug|Any CPU
		{2320FE5D-B009-4969-A7E1-56E575D5491D}.Debug|iPhone.Build.0 = Debug|Any CPU
		{2320FE5D-B009-4969-A7E1-56E575D5491D}.Debug|iPhoneSimulator.ActiveCfg = Debug|Any CPU
		{2320FE5D-B009-4969-A7E1-56E575D5491D}.Debug|iPhoneSimulator.Build.0 = Debug|Any CPU
		{2320FE5D-B009-4969-A7E1-56E575D5491D}.Debug|x64.ActiveCfg = Debug|Any CPU
		{2320FE5D-B009-4969-A7E1-56E575D5491D}.Debug|x64.Build.0 = Debug|Any CPU
		{2320FE5D-B009-4969-A7E1-56E575D5491D}.Debug|x86.ActiveCfg = Debug|Any CPU
		{2320FE5D-B009-4969-A7E1-56E575D5491D}.Debug|x86.Build.0 = Debug|Any CPU
		{2320FE5D-B009-4969-A7E1-56E575D5491D}.Release|Any CPU.ActiveCfg = Release|Any CPU
		{2320FE5D-B009-4969-A7E1-56E575D5491D}.Release|Any CPU.Build.0 = Release|Any CPU
		{2320FE5D-B009-4969-A7E1-56E575D5491D}.Release|ARM.ActiveCfg = Release|Any CPU
		{2320FE5D-B009-4969-A7E1-56E575D5491D}.Release|ARM.Build.0 = Release|Any CPU
		{2320FE5D-B009-4969-A7E1-56E575D5491D}.Release|iPhone.ActiveCfg = Release|Any CPU
		{2320FE5D-B009-4969-A7E1-56E575D5491D}.Release|iPhone.Build.0 = Release|Any CPU
		{2320FE5D-B009-4969-A7E1-56E575D5491D}.Release|iPhoneSimulator.ActiveCfg = Release|Any CPU
		{2320FE5D-B009-4969-A7E1-56E575D5491D}.Release|iPhoneSimulator.Build.0 = Release|Any CPU
		{2320FE5D-B009-4969-A7E1-56E575D5491D}.Release|x64.ActiveCfg = Release|Any CPU
		{2320FE5D-B009-4969-A7E1-56E575D5491D}.Release|x64.Build.0 = Release|Any CPU
		{2320FE5D-B009-4969-A7E1-56E575D5491D}.Release|x86.ActiveCfg = Release|Any CPU
		{2320FE5D-B009-4969-A7E1-56E575D5491D}.Release|x86.Build.0 = Release|Any CPU
		{7A542659-2330-40B7-B3C0-40696D9C0530}.Ad-Hoc|Any CPU.ActiveCfg = Release|Any CPU
		{7A542659-2330-40B7-B3C0-40696D9C0530}.Ad-Hoc|Any CPU.Build.0 = Release|Any CPU
		{7A542659-2330-40B7-B3C0-40696D9C0530}.Ad-Hoc|ARM.ActiveCfg = Release|Any CPU
		{7A542659-2330-40B7-B3C0-40696D9C0530}.Ad-Hoc|ARM.Build.0 = Release|Any CPU
		{7A542659-2330-40B7-B3C0-40696D9C0530}.Ad-Hoc|iPhone.ActiveCfg = Release|Any CPU
		{7A542659-2330-40B7-B3C0-40696D9C0530}.Ad-Hoc|iPhone.Build.0 = Release|Any CPU
		{7A542659-2330-40B7-B3C0-40696D9C0530}.Ad-Hoc|iPhoneSimulator.ActiveCfg = Release|Any CPU
		{7A542659-2330-40B7-B3C0-40696D9C0530}.Ad-Hoc|iPhoneSimulator.Build.0 = Release|Any CPU
		{7A542659-2330-40B7-B3C0-40696D9C0530}.Ad-Hoc|x64.ActiveCfg = Release|Any CPU
		{7A542659-2330-40B7-B3C0-40696D9C0530}.Ad-Hoc|x64.Build.0 = Release|Any CPU
		{7A542659-2330-40B7-B3C0-40696D9C0530}.Ad-Hoc|x86.ActiveCfg = Release|Any CPU
		{7A542659-2330-40B7-B3C0-40696D9C0530}.Ad-Hoc|x86.Build.0 = Release|Any CPU
		{7A542659-2330-40B7-B3C0-40696D9C0530}.AppStore|Any CPU.ActiveCfg = Release|Any CPU
		{7A542659-2330-40B7-B3C0-40696D9C0530}.AppStore|Any CPU.Build.0 = Release|Any CPU
		{7A542659-2330-40B7-B3C0-40696D9C0530}.AppStore|ARM.ActiveCfg = Release|Any CPU
		{7A542659-2330-40B7-B3C0-40696D9C0530}.AppStore|ARM.Build.0 = Release|Any CPU
		{7A542659-2330-40B7-B3C0-40696D9C0530}.AppStore|iPhone.ActiveCfg = Release|Any CPU
		{7A542659-2330-40B7-B3C0-40696D9C0530}.AppStore|iPhone.Build.0 = Release|Any CPU
		{7A542659-2330-40B7-B3C0-40696D9C0530}.AppStore|iPhoneSimulator.ActiveCfg = Release|Any CPU
		{7A542659-2330-40B7-B3C0-40696D9C0530}.AppStore|iPhoneSimulator.Build.0 = Release|Any CPU
		{7A542659-2330-40B7-B3C0-40696D9C0530}.AppStore|x64.ActiveCfg = Release|Any CPU
		{7A542659-2330-40B7-B3C0-40696D9C0530}.AppStore|x64.Build.0 = Release|Any CPU
		{7A542659-2330-40B7-B3C0-40696D9C0530}.AppStore|x86.ActiveCfg = Release|Any CPU
		{7A542659-2330-40B7-B3C0-40696D9C0530}.AppStore|x86.Build.0 = Release|Any CPU
		{7A542659-2330-40B7-B3C0-40696D9C0530}.Debug|Any CPU.ActiveCfg = Debug|Any CPU
		{7A542659-2330-40B7-B3C0-40696D9C0530}.Debug|Any CPU.Build.0 = Debug|Any CPU
		{7A542659-2330-40B7-B3C0-40696D9C0530}.Debug|ARM.ActiveCfg = Debug|Any CPU
		{7A542659-2330-40B7-B3C0-40696D9C0530}.Debug|ARM.Build.0 = Debug|Any CPU
		{7A542659-2330-40B7-B3C0-40696D9C0530}.Debug|iPhone.ActiveCfg = Debug|Any CPU
		{7A542659-2330-40B7-B3C0-40696D9C0530}.Debug|iPhone.Build.0 = Debug|Any CPU
		{7A542659-2330-40B7-B3C0-40696D9C0530}.Debug|iPhoneSimulator.ActiveCfg = Debug|Any CPU
		{7A542659-2330-40B7-B3C0-40696D9C0530}.Debug|iPhoneSimulator.Build.0 = Debug|Any CPU
		{7A542659-2330-40B7-B3C0-40696D9C0530}.Debug|x64.ActiveCfg = Debug|Any CPU
		{7A542659-2330-40B7-B3C0-40696D9C0530}.Debug|x64.Build.0 = Debug|Any CPU
		{7A542659-2330-40B7-B3C0-40696D9C0530}.Debug|x86.ActiveCfg = Debug|Any CPU
		{7A542659-2330-40B7-B3C0-40696D9C0530}.Debug|x86.Build.0 = Debug|Any CPU
		{7A542659-2330-40B7-B3C0-40696D9C0530}.Release|Any CPU.ActiveCfg = Release|Any CPU
		{7A542659-2330-40B7-B3C0-40696D9C0530}.Release|Any CPU.Build.0 = Release|Any CPU
		{7A542659-2330-40B7-B3C0-40696D9C0530}.Release|ARM.ActiveCfg = Release|Any CPU
		{7A542659-2330-40B7-B3C0-40696D9C0530}.Release|ARM.Build.0 = Release|Any CPU
		{7A542659-2330-40B7-B3C0-40696D9C0530}.Release|iPhone.ActiveCfg = Release|Any CPU
		{7A542659-2330-40B7-B3C0-40696D9C0530}.Release|iPhone.Build.0 = Release|Any CPU
		{7A542659-2330-40B7-B3C0-40696D9C0530}.Release|iPhoneSimulator.ActiveCfg = Release|Any CPU
		{7A542659-2330-40B7-B3C0-40696D9C0530}.Release|iPhoneSimulator.Build.0 = Release|Any CPU
		{7A542659-2330-40B7-B3C0-40696D9C0530}.Release|x64.ActiveCfg = Release|Any CPU
		{7A542659-2330-40B7-B3C0-40696D9C0530}.Release|x64.Build.0 = Release|Any CPU
		{7A542659-2330-40B7-B3C0-40696D9C0530}.Release|x86.ActiveCfg = Release|Any CPU
		{7A542659-2330-40B7-B3C0-40696D9C0530}.Release|x86.Build.0 = Release|Any CPU
	EndGlobalSection
	GlobalSection(SolutionProperties) = preSolution
		HideSolutionNode = FALSE
	EndGlobalSection
	GlobalSection(NestedProjects) = preSolution
		{2320FE5D-B009-4969-A7E1-56E575D5491D} = {51BB0D55-DE86-42BD-B0F2-BF65053A8C05}
		{7A542659-2330-40B7-B3C0-40696D9C0530} = {B8C83836-05B0-47DC-A033-0C57EA0F16EC}
	EndGlobalSection
EndGlobal
